
Microsoft Visual Studio Solution File, Format Version 12.00
# Visual Studio Version 17
VisualStudioVersion = 17.11.35222.181
MinimumVisualStudioVersion = 10.0.40219.1
Project("{E24C65DC-7377-472B-9ABA-BC803B73C61A}") = "WCFMainService", "WCFMainService\", "{AB36858C-4E9A-45EB-98BD-FD4B0383E8CA}"
	ProjectSection(WebsiteProperties) = preProject
		TargetFrameworkMoniker = ".NETFramework,Version%3Dv4.7.2"
		Debug.AspNetCompiler.VirtualPath = "/localhost_65495"
		Debug.AspNetCompiler.PhysicalPath = "WCFMainService\"
		Debug.AspNetCompiler.TargetPath = "PrecompiledWeb\localhost_65495\"
		Debug.AspNetCompiler.Updateable = "true"
		Debug.AspNetCompiler.ForceOverwrite = "true"
		Debug.AspNetCompiler.FixedNames = "false"
		Debug.AspNetCompiler.Debug = "True"
		Release.AspNetCompiler.VirtualPath = "/localhost_65495"
		Release.AspNetCompiler.PhysicalPath = "WCFMainService\"
		Release.AspNetCompiler.TargetPath = "PrecompiledWeb\localhost_65495\"
		Release.AspNetCompiler.Updateable = "true"
		Release.AspNetCompiler.ForceOverwrite = "true"
		Release.AspNetCompiler.FixedNames = "false"
		Release.AspNetCompiler.Debug = "False"
		VWDPort = "65495"
		SlnRelativePath = "WCFMainService\"
		DefaultWebSiteLanguage = "Visual C#"
	EndProjectSection
EndProject
Global
	GlobalSection(SolutionConfigurationPlatforms) = preSolution
		Debug|Any CPU = Debug|Any CPU
	EndGlobalSection
	GlobalSection(ProjectConfigurationPlatforms) = postSolution
		{AB36858C-4E9A-45EB-98BD-FD4B0383E8CA}.Debug|Any CPU.ActiveCfg = Debug|Any CPU
		{AB36858C-4E9A-45EB-98BD-FD4B0383E8CA}.Debug|Any CPU.Build.0 = Debug|Any CPU
	EndGlobalSection
	GlobalSection(SolutionProperties) = preSolution
		HideSolutionNode = FALSE
	EndGlobalSection
	GlobalSection(ExtensibilityGlobals) = postSolution
		SolutionGuid = {7FD507D1-073B-4FB7-9A71-5D45D5FBA411}
	EndGlobalSection
EndGlobal
